
Microsoft Visual Studio Solution File, Format Version 12.00
# Visual Studio Version 17
VisualStudioVersion = 17.7.34031.279
MinimumVisualStudioVersion = 10.0.40219.1
Project("{888888A0-9F3D-457C-B088-3A5042F75D52}") = "BasicProject", "BasicProject\BasicProject.pyproj", "{BA787A73-A8D5-4E39-8A11-B6C4712C99CF}"
EndProject
Global
	GlobalSection(SolutionConfigurationPlatforms) = preSolution
		Debug|Any CPU = Debug|Any CPU
		Release|Any CPU = Release|Any CPU
	EndGlobalSection
	GlobalSection(ProjectConfigurationPlatforms) = postSolution
		{BA787A73-A8D5-4E39-8A11-B6C4712C99CF}.Debug|Any CPU.ActiveCfg = Debug|Any CPU
		{BA787A73-A8D5-4E39-8A11-B6C4712C99CF}.Debug|Any CPU.Build.0 = Debug|Any CPU
		{BA787A73-A8D5-4E39-8A11-B6C4712C99CF}.Release|Any CPU.ActiveCfg = Release|Any CPU
		{BA787A73-A8D5-4E39-8A11-B6C4712C99CF}.Release|Any CPU.Build.0 = Release|Any CPU
	EndGlobalSection
	GlobalSection(SolutionProperties) = preSolution
		HideSolutionNode = FALSE
	EndGlobalSection
	GlobalSection(ExtensibilityGlobals) = postSolution
		SolutionGuid = {0931AA4E-7648-45A0-8F08-87BDA88E573B}
	EndGlobalSection
EndGlobal
